
Microsoft Visual Studio Solution File, Format Version 12.00
# Visual Studio Version 17
VisualStudioVersion = 17.9.34723.18
MinimumVisualStudioVersion = 10.0.40219.1
Project("{FAE04EC0-301F-11D3-BF4B-00C04F79EFBC}") = "Bai02", "Bai02\Bai02.csproj", "{FF8C380E-F59F-4566-A8B4-C32611627ABC}"
EndProject
Global
	GlobalSection(SolutionConfigurationPlatforms) = preSolution
		Debug|Any CPU = Debug|Any CPU
		Release|Any CPU = Release|Any CPU
	EndGlobalSection
	GlobalSection(ProjectConfigurationPlatforms) = postSolution
		{FF8C380E-F59F-4566-A8B4-C32611627ABC}.Debug|Any CPU.ActiveCfg = Debug|Any CPU
		{FF8C380E-F59F-4566-A8B4-C32611627ABC}.Debug|Any CPU.Build.0 = Debug|Any CPU
		{FF8C380E-F59F-4566-A8B4-C32611627ABC}.Release|Any CPU.ActiveCfg = Release|Any CPU
		{FF8C380E-F59F-4566-A8B4-C32611627ABC}.Release|Any CPU.Build.0 = Release|Any CPU
	EndGlobalSection
	GlobalSection(SolutionProperties) = preSolution
		HideSolutionNode = FALSE
	EndGlobalSection
	GlobalSection(ExtensibilityGlobals) = postSolution
		SolutionGuid = {3D072F4D-FA7A-4BDF-9517-6C713C55C065}
	EndGlobalSection
EndGlobal
